
Microsoft Visual Studio Solution File, Format Version 12.00
# Visual Studio Version 16
VisualStudioVersion = 16.0.33130.400
MinimumVisualStudioVersion = 10.0.40219.1
Project("{FAE04EC0-301F-11D3-BF4B-00C04F79EFBC}") = "VisionStudent", "VisionStudent\VisionStudent.csproj", "{BA88B939-D13E-4FDB-AB00-F105D4496419}"
EndProject
Project("{FAE04EC0-301F-11D3-BF4B-00C04F79EFBC}") = "VisionStudent.BAL", "VisionStudent.BAL\VisionStudent.BAL.csproj", "{8E9D97CA-E2BC-4AE2-B875-F6D5DFD30323}"
EndProject
Project("{FAE04EC0-301F-11D3-BF4B-00C04F79EFBC}") = "VisionStudent.DTO", "VisionStudent.DTO\VisionStudent.DTO.csproj", "{BC449EBA-8E4E-4C71-AB4A-DB4A05C736F0}"
EndProject
Global
	GlobalSection(SolutionConfigurationPlatforms) = preSolution
		Debug|Any CPU = Debug|Any CPU
		Release|Any CPU = Release|Any CPU
	EndGlobalSection
	GlobalSection(ProjectConfigurationPlatforms) = postSolution
		{BA88B939-D13E-4FDB-AB00-F105D4496419}.Debug|Any CPU.ActiveCfg = Debug|Any CPU
		{BA88B939-D13E-4FDB-AB00-F105D4496419}.Debug|Any CPU.Build.0 = Debug|Any CPU
		{BA88B939-D13E-4FDB-AB00-F105D4496419}.Release|Any CPU.ActiveCfg = Release|Any CPU
		{BA88B939-D13E-4FDB-AB00-F105D4496419}.Release|Any CPU.Build.0 = Release|Any CPU
		{8E9D97CA-E2BC-4AE2-B875-F6D5DFD30323}.Debug|Any CPU.ActiveCfg = Debug|Any CPU
		{8E9D97CA-E2BC-4AE2-B875-F6D5DFD30323}.Debug|Any CPU.Build.0 = Debug|Any CPU
		{8E9D97CA-E2BC-4AE2-B875-F6D5DFD30323}.Release|Any CPU.ActiveCfg = Release|Any CPU
		{8E9D97CA-E2BC-4AE2-B875-F6D5DFD30323}.Release|Any CPU.Build.0 = Release|Any CPU
		{BC449EBA-8E4E-4C71-AB4A-DB4A05C736F0}.Debug|Any CPU.ActiveCfg = Debug|Any CPU
		{BC449EBA-8E4E-4C71-AB4A-DB4A05C736F0}.Debug|Any CPU.Build.0 = Debug|Any CPU
		{BC449EBA-8E4E-4C71-AB4A-DB4A05C736F0}.Release|Any CPU.ActiveCfg = Release|Any CPU
		{BC449EBA-8E4E-4C71-AB4A-DB4A05C736F0}.Release|Any CPU.Build.0 = Release|Any CPU
	EndGlobalSection
	GlobalSection(SolutionProperties) = preSolution
		HideSolutionNode = FALSE
	EndGlobalSection
	GlobalSection(ExtensibilityGlobals) = postSolution
		SolutionGuid = {0F10D8A2-1BF9-45B0-95DE-97DBB83BD585}
	EndGlobalSection
EndGlobal
